{
  "name": "final-test",
  "version": "1.0.0",
  "lockfileVersion": 3,
  "requires": true,
  "packages": {
    "": {
      "name": "final-test",
      "version": "1.0.0",
      "license": "ISC",
      "dependencies": {
        "@salimassili/ai-costguard": "file:.."
      }
    },
    "..": {
      "name": "@salimassili/ai-costguard",
      "version": "1.1.7",
      "license": "MIT",
      "devDependencies": {
        "typescript": "^5.3.3"
      },
      "engines": {
        "node": ">=18"
      }
    },
    "node_modules/@salimassili/ai-costguard": {
      "resolved": "..",
      "link": true
    }
  }
}
